
Microsoft Visual Studio Solution File, Format Version 12.00
# Visual Studio Version 17
VisualStudioVersion = 17.9.34728.123
MinimumVisualStudioVersion = 10.0.40219.1
Project("{8BC9CEB8-8B4A-11D0-8D11-00A0C91BC942}") = "OOP_LAB_8", "OOP_LAB_8\OOP_LAB_8.vcxproj", "{E5D06E80-F96C-41EA-AE08-45645AC33C94}"
EndProject
Global
	GlobalSection(SolutionConfigurationPlatforms) = preSolution
		Debug|x64 = Debug|x64
		Debug|x86 = Debug|x86
		Release|x64 = Release|x64
		Release|x86 = Release|x86
	EndGlobalSection
	GlobalSection(ProjectConfigurationPlatforms) = postSolution
		{E5D06E80-F96C-41EA-AE08-45645AC33C94}.Debug|x64.ActiveCfg = Debug|x64
		{E5D06E80-F96C-41EA-AE08-45645AC33C94}.Debug|x64.Build.0 = Debug|x64
		{E5D06E80-F96C-41EA-AE08-45645AC33C94}.Debug|x86.ActiveCfg = Debug|Win32
		{E5D06E80-F96C-41EA-AE08-45645AC33C94}.Debug|x86.Build.0 = Debug|Win32
		{E5D06E80-F96C-41EA-AE08-45645AC33C94}.Release|x64.ActiveCfg = Release|x64
		{E5D06E80-F96C-41EA-AE08-45645AC33C94}.Release|x64.Build.0 = Release|x64
		{E5D06E80-F96C-41EA-AE08-45645AC33C94}.Release|x86.ActiveCfg = Release|Win32
		{E5D06E80-F96C-41EA-AE08-45645AC33C94}.Release|x86.Build.0 = Release|Win32
	EndGlobalSection
	GlobalSection(SolutionProperties) = preSolution
		HideSolutionNode = FALSE
	EndGlobalSection
	GlobalSection(ExtensibilityGlobals) = postSolution
		SolutionGuid = {38531FF3-E558-42E4-B290-A4EDAB0EF926}
	EndGlobalSection
EndGlobal
